
Microsoft Visual Studio Solution File, Format Version 12.00
# Visual Studio Version 17
VisualStudioVersion = 17.0.31903.59
MinimumVisualStudioVersion = 10.0.40219.1
Project("{FAE04EC0-301F-11D3-BF4B-00C04F79EFBC}") = "Homework", "Homework\Homework.csproj", "{746FA484-45FF-4522-9C6E-943840110696}"
EndProject
Project("{2150E333-8FDC-42A3-9474-1A3956D46DE8}") = "Homework", "Homework", "{438066EA-96F0-4F1D-BF12-98EA22D6FB13}"
EndProject
Project("{FAE04EC0-301F-11D3-BF4B-00C04F79EFBC}") = "BinarySearch", "Homework\BinarySearch\BinarySearch.csproj", "{ECEC2F87-7B1F-4F1C-A22C-FD88F54255A3}"
EndProject
Project("{FAE04EC0-301F-11D3-BF4B-00C04F79EFBC}") = "BubbleSort", "Homework\BubbleSort\BubbleSort.csproj", "{68123755-5513-4D38-B033-F686687A51C8}"
EndProject
Global
	GlobalSection(SolutionConfigurationPlatforms) = preSolution
		Debug|Any CPU = Debug|Any CPU
		Release|Any CPU = Release|Any CPU
	EndGlobalSection
	GlobalSection(SolutionProperties) = preSolution
		HideSolutionNode = FALSE
	EndGlobalSection
	GlobalSection(ProjectConfigurationPlatforms) = postSolution
		{746FA484-45FF-4522-9C6E-943840110696}.Debug|Any CPU.ActiveCfg = Debug|Any CPU
		{746FA484-45FF-4522-9C6E-943840110696}.Debug|Any CPU.Build.0 = Debug|Any CPU
		{746FA484-45FF-4522-9C6E-943840110696}.Release|Any CPU.ActiveCfg = Release|Any CPU
		{746FA484-45FF-4522-9C6E-943840110696}.Release|Any CPU.Build.0 = Release|Any CPU
		{ECEC2F87-7B1F-4F1C-A22C-FD88F54255A3}.Debug|Any CPU.ActiveCfg = Debug|Any CPU
		{ECEC2F87-7B1F-4F1C-A22C-FD88F54255A3}.Debug|Any CPU.Build.0 = Debug|Any CPU
		{ECEC2F87-7B1F-4F1C-A22C-FD88F54255A3}.Release|Any CPU.ActiveCfg = Release|Any CPU
		{ECEC2F87-7B1F-4F1C-A22C-FD88F54255A3}.Release|Any CPU.Build.0 = Release|Any CPU
		{68123755-5513-4D38-B033-F686687A51C8}.Debug|Any CPU.ActiveCfg = Debug|Any CPU
		{68123755-5513-4D38-B033-F686687A51C8}.Debug|Any CPU.Build.0 = Debug|Any CPU
		{68123755-5513-4D38-B033-F686687A51C8}.Release|Any CPU.ActiveCfg = Release|Any CPU
		{68123755-5513-4D38-B033-F686687A51C8}.Release|Any CPU.Build.0 = Release|Any CPU
	EndGlobalSection
	GlobalSection(NestedProjects) = preSolution
		{746FA484-45FF-4522-9C6E-943840110696} = {438066EA-96F0-4F1D-BF12-98EA22D6FB13}
		{ECEC2F87-7B1F-4F1C-A22C-FD88F54255A3} = {438066EA-96F0-4F1D-BF12-98EA22D6FB13}
		{68123755-5513-4D38-B033-F686687A51C8} = {438066EA-96F0-4F1D-BF12-98EA22D6FB13}
	EndGlobalSection
EndGlobal
